hash: 6628535ae6982a96b4b022f1b7a83d4de8b0a1dcc1f2160239299cc8f8e705d3
updated: 2019-03-24T16:15:55.128571286+08:00
imports:
- name: github.com/buaazp/fasthttprouter
  version: ade4e2031af3aed7fffd241084aad80a58faf421
- name: github.com/klauspost/compress
  version: ea08389e0dc46025380296f7dd04ab0e8de36adb
  subpackages:
  - flate
  - gzip
  - zlib
- name: github.com/klauspost/cpuid
  version: ae7887de9fa5d2db4eaa8174a7eff2c1ac00f2da
- name: github.com/valyala/bytebufferpool
  version: e746df99fe4a3986f4d4f79e13c1e0117ce9c2f7
- name: github.com/valyala/fasthttp
  version: e5f51c11919d4f66400334047b897ef0a94c6f3c
  subpackages:
  - fasthttputil
  - stackless
testImports: []
